PODS:
  - apptentive-ios (5.2.7)

DEPENDENCIES:
  - apptentive-ios (= 5.2.7)

SPEC REPOS:
  https://github.com/CocoaPods/Specs.git:
    - apptentive-ios

SPEC CHECKSUMS:
  apptentive-ios: fc0c29a9599737240b5fe93d10d2a90150fb6b7a

PODFILE CHECKSUM: 3b112418f2faa6ed3cde7a7ee73502794a46f47c

COCOAPODS: 1.8.4
